// !$*UTF8*$!
{
	archiveVersion = 1;
	classes = {
	};
	objectVersion = 77;
	objects = {

/* Begin PBXContainerItemProxy section */
		5EDF4C582CF9D4FB00ECA082 /* PBXContainerItemProxy */ = {
			isa = PBXContainerItemProxy;
			containerPortal = 5EDF4C3F2CF9D4F800ECA082 /* Project object */;
			proxyType = 1;
			remoteGlobalIDString = 5EDF4C462CF9D4F800ECA082;
			remoteInfo = "Async Image";
		};
		5EDF4C622CF9D4FB00ECA082 /* PBXContainerItemProxy */ = {
			isa = PBXContainerItemProxy;
			containerPortal = 5EDF4C3F2CF9D4F800ECA082 /* Project object */;
			proxyType = 1;
			remoteGlobalIDString = 5EDF4C462CF9D4F800ECA082;
			remoteInfo = "Async Image";
		};
/* End PBXContainerItemProxy section */

/* Begin PBXFileReference section */
		5EDF4C472CF9D4F800ECA082 /* Async Image.app */ = {isa = PBXFileReference; explicitFileType = wrapper.application; includeInIndex = 0; path = "Async Image.app"; sourceTree = BUILT_PRODUCTS_DIR; };
		5EDF4C572CF9D4FB00ECA082 /* Async ImageTests.xctest */ = {isa = PBXFileReference; explicitFileType = wrapper.cfbundle; includeInIndex = 0; path = "Async ImageTests.xctest"; sourceTree = BUILT_PRODUCTS_DIR; };
		5EDF4C612CF9D4FB00ECA082 /* Async ImageUITests.xctest */ = {isa = PBXFileReference; explicitFileType = wrapper.cfbundle; includeInIndex = 0; path = "Async ImageUITests.xctest"; sourceTree = BUILT_PRODUCTS_DIR; };
/* End PBXFileReference section */

/* Begin PBXFileSystemSynchronizedRootGroup section */
		5EDF4C492CF9D4F800ECA082 /* Async Image */ = {
			isa = PBXFileSystemSynchronizedRootGroup;
			path = "Async Image";
			sourceTree = "<group>";
		};
		5EDF4C5A2CF9D4FB00ECA082 /* Async ImageTests */ = {
			isa = PBXFileSystemSynchronizedRootGroup;
			path = "Async ImageTests";
			sourceTree = "<group>";
		};
		5EDF4C642CF9D4FB00ECA082 /* Async ImageUITests */ = {
			isa = PBXFileSystemSynchronizedRootGroup;
			path = "Async ImageUITests";
			sourceTree = "<group>";
		};
/* End PBXFileSystemSynchronizedRootGroup section */

/* Begin PBXFrameworksBuildPhase section */
		5EDF4C442CF9D4F800ECA082 /* Frameworks */ = {
			isa = PBXFrameworksBuildPhase;
			buildActionMask = 2147483647;
			files = (
			);
			runOnlyForDeploymentPostprocessing = 0;
		};
		5EDF4C542CF9D4FB00ECA082 /* Frameworks */ = {
			isa = PBXFrameworksBuildPhase;
			buildActionMask = 2147483647;
			files = (
			);
			runOnlyForDeploymentPostprocessing = 0;
		};
		5EDF4C5E2CF9D4FB00ECA082 /* Frameworks */ = {
			isa = PBXFrameworksBuildPhase;
			buildActionMask = 2147483647;
			files = (
			);
			runOnlyForDeploymentPostprocessing = 0;
		};
/* End PBXFrameworksBuildPhase section */

/* Begin PBXGroup section */
		5EDF4C3E2CF9D4F800ECA082 = {
			isa = PBXGroup;
			children = (
				5EDF4C492CF9D4F800ECA082 /* Async Image */,
				5EDF4C5A2CF9D4FB00ECA082 /* Async ImageTests */,
				5EDF4C642CF9D4FB00ECA082 /* Async ImageUITests */,
				5EDF4C482CF9D4F800ECA082 /* Products */,
			);
			sourceTree = "<group>";
		};
		5EDF4C482CF9D4F800ECA082 /* Products */ = {
			isa = PBXGroup;
			children = (
				5EDF4C472CF9D4F800ECA082 /* Async Image.app */,
				5EDF4C572CF9D4FB00ECA082 /* Async ImageTests.xctest */,
				5EDF4C612CF9D4FB00ECA082 /* Async ImageUITests.xctest */,
			);
			name = Products;
			sourceTree = "<group>";
		};
/* End PBXGroup section */

/* Begin PBXNativeTarget section */
		5EDF4C462CF9D4F800ECA082 /* Async Image */ = {
			isa = PBXNativeTarget;
			buildConfigurationList = 5EDF4C6B2CF9D4FB00ECA082 /* Build configuration list for PBXNativeTarget "Async Image" */;
			buildPhases = (
				5EDF4C432CF9D4F800ECA082 /* Sources */,
				5EDF4C442CF9D4F800ECA082 /* Frameworks */,
				5EDF4C452CF9D4F800ECA082 /* Resources */,
			);
			buildRules = (
			);
			dependencies = (
			);
			fileSystemSynchronizedGroups = (
				5EDF4C492CF9D4F800ECA082 /* Async Image */,
			);
			name = "Async Image";
			packageProductDependencies = (
			);
			productName = "Async Image";
			productReference = 5EDF4C472CF9D4F800ECA082 /* Async Image.app */;
			productType = "com.apple.product-type.application";
		};
		5EDF4C562CF9D4FB00ECA082 /* Async ImageTests */ = {
			isa = PBXNativeTarget;
			buildConfigurationList = 5EDF4C6E2CF9D4FB00ECA082 /* Build configuration list for PBXNativeTarget "Async ImageTests" */;
			buildPhases = (
				5EDF4C532CF9D4FB00ECA082 /* Sources */,
				5EDF4C542CF9D4FB00ECA082 /* Frameworks */,
				5EDF4C552CF9D4FB00ECA082 /* Resources */,
			);
			buildRules = (
			);
			dependencies = (
				5EDF4C592CF9D4FB00ECA082 /* PBXTargetDependency */,
			);
			fileSystemSynchronizedGroups = (
				5EDF4C5A2CF9D4FB00ECA082 /* Async ImageTests */,
			);
			name = "Async ImageTests";
			packageProductDependencies = (
			);
			productName = "Async ImageTests";
			productReference = 5EDF4C572CF9D4FB00ECA082 /* Async ImageTests.xctest */;
			productType = "com.apple.product-type.bundle.unit-test";
		};
		5EDF4C602CF9D4FB00ECA082 /* Async ImageUITests */ = {
			isa = PBXNativeTarget;
			buildConfigurationList = 5EDF4C712CF9D4FB00ECA082 /* Build configuration list for PBXNativeTarget "Async ImageUITests" */;
			buildPhases = (
				5EDF4C5D2CF9D4FB00ECA082 /* Sources */,
				5EDF4C5E2CF9D4FB00ECA082 /* Frameworks */,
				5EDF4C5F2CF9D4FB00ECA082 /* Resources */,
			);
			buildRules = (
			);
			dependencies = (
				5EDF4C632CF9D4FB00ECA082 /* PBXTargetDependency */,
			);
			fileSystemSynchronizedGroups = (
				5EDF4C642CF9D4FB00ECA082 /* Async ImageUITests */,
			);
			name = "Async ImageUITests";
			packageProductDependencies = (
			);
			productName = "Async ImageUITests";
			productReference = 5EDF4C612CF9D4FB00ECA082 /* Async ImageUITests.xctest */;
			productType = "com.apple.product-type.bundle.ui-testing";
		};
/* End PBXNativeTarget section */

/* Begin PBXProject section */
		5EDF4C3F2CF9D4F800ECA082 /* Project object */ = {
			isa = PBXProject;
			attributes = {
				BuildIndependentTargetsInParallel = 1;
				LastSwiftUpdateCheck = 1600;
				LastUpgradeCheck = 1600;
				TargetAttributes = {
					5EDF4C462CF9D4F800ECA082 = {
						CreatedOnToolsVersion = 16.0;
					};
					5EDF4C562CF9D4FB00ECA082 = {
						CreatedOnToolsVersion = 16.0;
						TestTargetID = 5EDF4C462CF9D4F800ECA082;
					};
					5EDF4C602CF9D4FB00ECA082 = {
						CreatedOnToolsVersion = 16.0;
						TestTargetID = 5EDF4C462CF9D4F800ECA082;
					};
				};
			};
			buildConfigurationList = 5EDF4C422CF9D4F800ECA082 /* Build configuration list for PBXProject "Async Image" */;
			developmentRegion = en;
			hasScannedForEncodings = 0;
			knownRegions = (
				en,
				Base,
			);
			mainGroup = 5EDF4C3E2CF9D4F800ECA082;
			minimizedProjectReferenceProxies = 1;
			preferredProjectObjectVersion = 77;
			productRefGroup = 5EDF4C482CF9D4F800ECA082 /* Products */;
			projectDirPath = "";
			projectRoot = "";
			targets = (
				5EDF4C462CF9D4F800ECA082 /* Async Image */,
				5EDF4C562CF9D4FB00ECA082 /* Async ImageTests */,
				5EDF4C602CF9D4FB00ECA082 /* Async ImageUITests */,
			);
		};
/* End PBXProject section */

/* Begin PBXResourcesBuildPhase section */
		5EDF4C452CF9D4F800ECA082 /* Resources */ = {
			isa = PBXResourcesBuildPhase;
			buildActionMask = 2147483647;
			files = (
			);
			runOnlyForDeploymentPostprocessing = 0;
		};
		5EDF4C552CF9D4FB00ECA082 /* Resources */ = {
			isa = PBXResourcesBuildPhase;
			buildActionMask = 2147483647;
			files = (
			);
			runOnlyForDeploymentPostprocessing = 0;
		};
		5EDF4C5F2CF9D4FB00ECA082 /* Resources */ = {
			isa = PBXResourcesBuildPhase;
			buildActionMask = 2147483647;
			files = (
			);
			runOnlyForDeploymentPostprocessing = 0;
		};
/* End PBXResourcesBuildPhase section */

/* Begin PBXSourcesBuildPhase section */
		5EDF4C432CF9D4F800ECA082 /* Sources */ = {
			isa = PBXSourcesBuildPhase;
			buildActionMask = 2147483647;
			files = (
			);
			runOnlyForDeploymentPostprocessing = 0;
		};
		5EDF4C532CF9D4FB00ECA082 /* Sources */ = {
			isa = PBXSourcesBuildPhase;
			buildActionMask = 2147483647;
			files = (
			);
			runOnlyForDeploymentPostprocessing = 0;
		};
		5EDF4C5D2CF9D4FB00ECA082 /* Sources */ = {
			isa = PBXSourcesBuildPhase;
			buildActionMask = 2147483647;
			files = (
			);
			runOnlyForDeploymentPostprocessing = 0;
		};
/* End PBXSourcesBuildPhase section */

/* Begin PBXTargetDependency section */
		5EDF4C592CF9D4FB00ECA082 /* PBXTargetDependency */ = {
			isa = PBXTargetDependency;
			target = 5EDF4C462CF9D4F800ECA082 /* Async Image */;
			targetProxy = 5EDF4C582CF9D4FB00ECA082 /* PBXContainerItemProxy */;
		};
		5EDF4C632CF9D4FB00ECA082 /* PBXTargetDependency */ = {
			isa = PBXTargetDependency;
			target = 5EDF4C462CF9D4F800ECA082 /* Async Image */;
			targetProxy = 5EDF4C622CF9D4FB00ECA082 /* PBXContainerItemProxy */;
		};
/* End PBXTargetDependency section */

/* Begin XCBuildConfiguration section */
		5EDF4C692CF9D4FB00ECA082 /* Debug */ = {
			isa = XCBuildConfiguration;
			buildSettings = {
				ALWAYS_SEARCH_USER_PATHS = NO;
				ASSETCATALOG_COMPILER_GENERATE_SWIFT_ASSET_SYMBOL_EXTENSIONS = YES;
				CLANG_ANALYZER_NONNULL = YES;
				CLANG_ANALYZER_NUMBER_OBJECT_CONVERSION = YES_AGGRESSIVE;
				CLANG_CXX_LANGUAGE_STANDARD = "gnu++20";
				CLANG_ENABLE_MODULES = YES;
				CLANG_ENABLE_OBJC_ARC = YES;
				CLANG_ENABLE_OBJC_WEAK = YES;
				CLANG_WARN_BLOCK_CAPTURE_AUTORELEASING = YES;
				CLANG_WARN_BOOL_CONVERSION = YES;
				CLANG_WARN_COMMA = YES;
				CLANG_WARN_CONSTANT_CONVERSION = YES;
				CLANG_WARN_DEPRECATED_OBJC_IMPLEMENTATIONS = YES;
				CLANG_WARN_DIRECT_OBJC_ISA_USAGE = YES_ERROR;
				CLANG_WARN_DOCUMENTATION_COMMENTS = YES;
				CLANG_WARN_EMPTY_BODY = YES;
				CLANG_WARN_ENUM_CONVERSION = YES;
				CLANG_WARN_INFINITE_RECURSION = YES;
				CLANG_WARN_INT_CONVERSION = YES;
				CLANG_WARN_NON_LITERAL_NULL_CONVERSION = YES;
				CLANG_WARN_OBJC_IMPLICIT_RETAIN_SELF = YES;
				CLANG_WARN_OBJC_LITERAL_CONVERSION = YES;
				CLANG_WARN_OBJC_ROOT_CLASS = YES_ERROR;
				CLANG_WARN_QUOTED_INCLUDE_IN_FRAMEWORK_HEADER = YES;
				CLANG_WARN_RANGE_LOOP_ANALYSIS = YES;
				CLANG_WARN_STRICT_PROTOTYPES = YES;
				CLANG_WARN_SUSPICIOUS_MOVE = YES;
				CLANG_WARN_UNGUARDED_AVAILABILITY = YES_AGGRESSIVE;
				CLANG_WARN_UNREACHABLE_CODE = YES;
				CLANG_WARN__DUPLICATE_METHOD_MATCH = YES;
				COPY_PHASE_STRIP = NO;
				DEBUG_INFORMATION_FORMAT = dwarf;
				ENABLE_STRICT_OBJC_MSGSEND = YES;
				ENABLE_TESTABILITY = YES;
				ENABLE_USER_SCRIPT_SANDBOXING = YES;
				GCC_C_LANGUAGE_STANDARD = gnu17;
				GCC_DYNAMIC_NO_PIC = NO;
				GCC_NO_COMMON_BLOCKS = YES;
				GCC_OPTIMIZATION_LEVEL = 0;
				GCC_PREPROCESSOR_DEFINITIONS = (
					"DEBUG=1",
					"$(inherited)",
				);
				GCC_WARN_64_TO_32_BIT_CONVERSION = YES;
				GCC_WARN_ABOUT_RETURN_TYPE = YES_ERROR;
				GCC_WARN_UNDECLARED_SELECTOR = YES;
				GCC_WARN_UNINITIALIZED_AUTOS = YES_AGGRESSIVE;
				GCC_WARN_UNUSED_FUNCTION = YES;
				GCC_WARN_UNUSED_VARIABLE = YES;
				IPHONEOS_DEPLOYMENT_TARGET = 18.0;
				LOCALIZATION_PREFERS_STRING_CATALOGS = YES;
				MTL_ENABLE_DEBUG_INFO = INCLUDE_SOURCE;
				MTL_FAST_MATH = YES;
				ONLY_ACTIVE_ARCH = YES;
				SDKROOT = iphoneos;
				SWIFT_ACTIVE_COMPILATION_CONDITIONS = "DEBUG $(inherited)";
				SWIFT_OPTIMIZATION_LEVEL = "-Onone";
			};
			name = Debug;
		};
		5EDF4C6A2CF9D4FB00ECA082 /* Release */ = {
			isa = XCBuildConfiguration;
			buildSettings = {
				ALWAYS_SEARCH_USER_PATHS = NO;
				ASSETCATALOG_COMPILER_GENERATE_SWIFT_ASSET_SYMBOL_EXTENSIONS = YES;
				CLANG_ANALYZER_NONNULL = YES;
				CLANG_ANALYZER_NUMBER_OBJECT_CONVERSION = YES_AGGRESSIVE;
				CLANG_CXX_LANGUAGE_STANDARD = "gnu++20";
				CLANG_ENABLE_MODULES = YES;
				CLANG_ENABLE_OBJC_ARC = YES;
				CLANG_ENABLE_OBJC_WEAK = YES;
				CLANG_WARN_BLOCK_CAPTURE_AUTORELEASING = YES;
				CLANG_WARN_BOOL_CONVERSION = YES;
				CLANG_WARN_COMMA = YES;
				CLANG_WARN_CONSTANT_CONVERSION = YES;
				CLANG_WARN_DEPRECATED_OBJC_IMPLEMENTATIONS = YES;
				CLANG_WARN_DIRECT_OBJC_ISA_USAGE = YES_ERROR;
				CLANG_WARN_DOCUMENTATION_COMMENTS = YES;
				CLANG_WARN_EMPTY_BODY = YES;
				CLANG_WARN_ENUM_CONVERSION = YES;
				CLANG_WARN_INFINITE_RECURSION = YES;
				CLANG_WARN_INT_CONVERSION = YES;
				CLANG_WARN_NON_LITERAL_NULL_CONVERSION = YES;
				CLANG_WARN_OBJC_IMPLICIT_RETAIN_SELF = YES;
				CLANG_WARN_OBJC_LITERAL_CONVERSION = YES;
				CLANG_WARN_OBJC_ROOT_CLASS = YES_ERROR;
				CLANG_WARN_QUOTED_INCLUDE_IN_FRAMEWORK_HEADER = YES;
				CLANG_WARN_RANGE_LOOP_ANALYSIS = YES;
				CLANG_WARN_STRICT_PROTOTYPES = YES;
				CLANG_WARN_SUSPICIOUS_MOVE = YES;
				CLANG_WARN_UNGUARDED_AVAILABILITY = YES_AGGRESSIVE;
				CLANG_WARN_UNREACHABLE_CODE = YES;
				CLANG_WARN__DUPLICATE_METHOD_MATCH = YES;
				COPY_PHASE_STRIP = NO;
				DEBUG_INFORMATION_FORMAT = "dwarf-with-dsym";
				ENABLE_NS_ASSERTIONS = NO;
				ENABLE_STRICT_OBJC_MSGSEND = YES;
				ENABLE_USER_SCRIPT_SANDBOXING = YES;
				GCC_C_LANGUAGE_STANDARD = gnu17;
				GCC_NO_COMMON_BLOCKS = YES;
				GCC_WARN_64_TO_32_BIT_CONVERSION = YES;
				GCC_WARN_ABOUT_RETURN_TYPE = YES_ERROR;
				GCC_WARN_UNDECLARED_SELECTOR = YES;
				GCC_WARN_UNINITIALIZED_AUTOS = YES_AGGRESSIVE;
				GCC_WARN_UNUSED_FUNCTION = YES;
				GCC_WARN_UNUSED_VARIABLE = YES;
				IPHONEOS_DEPLOYMENT_TARGET = 18.0;
				LOCALIZATION_PREFERS_STRING_CATALOGS = YES;
				MTL_ENABLE_DEBUG_INFO = NO;
				MTL_FAST_MATH = YES;
				SDKROOT = iphoneos;
				SWIFT_COMPILATION_MODE = wholemodule;
				VALIDATE_PRODUCT = YES;
			};
			name = Release;
		};
		5EDF4C6C2CF9D4FB00ECA082 /* Debug */ = {
			isa = XCBuildConfiguration;
			buildSettings = {
				ASSETCATALOG_COMPILER_APPICON_NAME = AppIcon;
				ASSETCATALOG_COMPILER_GLOBAL_ACCENT_COLOR_NAME = AccentColor;
				CODE_SIGN_STYLE = Automatic;
				CURRENT_PROJECT_VERSION = 1;
				DEVELOPMENT_ASSET_PATHS = "\"Async Image/Preview Content\"";
				DEVELOPMENT_TEAM = Q56Y866QH3;
				ENABLE_PREVIEWS = YES;
				GENERATE_INFOPLIST_FILE = YES;
				INFOPLIST_KEY_UIApplicationSceneManifest_Generation = YES;
				INFOPLIST_KEY_UIApplicationSupportsIndirectInputEvents = YES;
				INFOPLIST_KEY_UILaunchScreen_Generation = YES;
				INFOPLIST_KEY_UISupportedInterfaceOrientations_iPad = "UIInterfaceOrientationPortrait UIInterfaceOrientationPortraitUpsideDown UIInterfaceOrientationLandscapeLeft UIInterfaceOrientationLandscapeRight";
				INFOPLIST_KEY_UISupportedInterfaceOrientations_iPhone = "UIInterfaceOrientationPortrait UIInterfaceOrientationLandscapeLeft UIInterfaceOrientationLandscapeRight";
				LD_RUNPATH_SEARCH_PATHS = (
					"$(inherited)",
					"@executable_path/Frameworks",
				);
				MARKETING_VERSION = 1.0;
				PRODUCT_BUNDLE_IDENTIFIER = "com.swantan.Async-Image";
				PRODUCT_NAME = "$(TARGET_NAME)";
				SWIFT_EMIT_LOC_STRINGS = YES;
				SWIFT_VERSION = 5.0;
				TARGETED_DEVICE_FAMILY = "1,2";
			};
			name = Debug;
		};
		5EDF4C6D2CF9D4FB00ECA082 /* Release */ = {
			isa = XCBuildConfiguration;
			buildSettings = {
				ASSETCATALOG_COMPILER_APPICON_NAME = AppIcon;
				ASSETCATALOG_COMPILER_GLOBAL_ACCENT_COLOR_NAME = AccentColor;
				CODE_SIGN_STYLE = Automatic;
				CURRENT_PROJECT_VERSION = 1;
				DEVELOPMENT_ASSET_PATHS = "\"Async Image/Preview Content\"";
				DEVELOPMENT_TEAM = Q56Y866QH3;
				ENABLE_PREVIEWS = YES;
				GENERATE_INFOPLIST_FILE = YES;
				INFOPLIST_KEY_UIApplicationSceneManifest_Generation = YES;
				INFOPLIST_KEY_UIApplicationSupportsIndirectInputEvents = YES;
				INFOPLIST_KEY_UILaunchScreen_Generation = YES;
				INFOPLIST_KEY_UISupportedInterfaceOrientations_iPad = "UIInterfaceOrientationPortrait UIInterfaceOrientationPortraitUpsideDown UIInterfaceOrientationLandscapeLeft UIInterfaceOrientationLandscapeRight";
				INFOPLIST_KEY_UISupportedInterfaceOrientations_iPhone = "UIInterfaceOrientationPortrait UIInterfaceOrientationLandscapeLeft UIInterfaceOrientationLandscapeRight";
				LD_RUNPATH_SEARCH_PATHS = (
					"$(inherited)",
					"@executable_path/Frameworks",
				);
				MARKETING_VERSION = 1.0;
				PRODUCT_BUNDLE_IDENTIFIER = "com.swantan.Async-Image";
				PRODUCT_NAME = "$(TARGET_NAME)";
				SWIFT_EMIT_LOC_STRINGS = YES;
				SWIFT_VERSION = 5.0;
				TARGETED_DEVICE_FAMILY = "1,2";
			};
			name = Release;
		};
		5EDF4C6F2CF9D4FB00ECA082 /* Debug */ = {
			isa = XCBuildConfiguration;
			buildSettings = {
				BUNDLE_LOADER = "$(TEST_HOST)";
				CODE_SIGN_STYLE = Automatic;
				CURRENT_PROJECT_VERSION = 1;
				DEVELOPMENT_TEAM = Q56Y866QH3;
				GENERATE_INFOPLIST_FILE = YES;
				IPHONEOS_DEPLOYMENT_TARGET = 18.0;
				MARKETING_VERSION = 1.0;
				PRODUCT_BUNDLE_IDENTIFIER = "com.swantan.Async-ImageTests";
				PRODUCT_NAME = "$(TARGET_NAME)";
				SWIFT_EMIT_LOC_STRINGS = NO;
				SWIFT_VERSION = 5.0;
				TARGETED_DEVICE_FAMILY = "1,2";
				TEST_HOST = "$(BUILT_PRODUCTS_DIR)/Async Image.app/$(BUNDLE_EXECUTABLE_FOLDER_PATH)/Async Image";
			};
			name = Debug;
		};
		5EDF4C702CF9D4FB00ECA082 /* Release */ = {
			isa = XCBuildConfiguration;
			buildSettings = {
				BUNDLE_LOADER = "$(TEST_HOST)";
				CODE_SIGN_STYLE = Automatic;
				CURRENT_PROJECT_VERSION = 1;
				DEVELOPMENT_TEAM = Q56Y866QH3;
				GENERATE_INFOPLIST_FILE = YES;
				IPHONEOS_DEPLOYMENT_TARGET = 18.0;
				MARKETING_VERSION = 1.0;
				PRODUCT_BUNDLE_IDENTIFIER = "com.swantan.Async-ImageTests";
				PRODUCT_NAME = "$(TARGET_NAME)";
				SWIFT_EMIT_LOC_STRINGS = NO;
				SWIFT_VERSION = 5.0;
				TARGETED_DEVICE_FAMILY = "1,2";
				TEST_HOST = "$(BUILT_PRODUCTS_DIR)/Async Image.app/$(BUNDLE_EXECUTABLE_FOLDER_PATH)/Async Image";
			};
			name = Release;
		};
		5EDF4C722CF9D4FB00ECA082 /* Debug */ = {
			isa = XCBuildConfiguration;
			buildSettings = {
				CODE_SIGN_STYLE = Automatic;
				CURRENT_PROJECT_VERSION = 1;
				DEVELOPMENT_TEAM = Q56Y866QH3;
				GENERATE_INFOPLIST_FILE = YES;
				MARKETING_VERSION = 1.0;
				PRODUCT_BUNDLE_IDENTIFIER = "com.swantan.Async-ImageUITests";
				PRODUCT_NAME = "$(TARGET_NAME)";
				SWIFT_EMIT_LOC_STRINGS = NO;
				SWIFT_VERSION = 5.0;
				TARGETED_DEVICE_FAMILY = "1,2";
				TEST_TARGET_NAME = "Async Image";
			};
			name = Debug;
		};
		5EDF4C732CF9D4FB00ECA082 /* Release */ = {
			isa = XCBuildConfiguration;
			buildSettings = {
				CODE_SIGN_STYLE = Automatic;
				CURRENT_PROJECT_VERSION = 1;
				DEVELOPMENT_TEAM = Q56Y866QH3;
				GENERATE_INFOPLIST_FILE = YES;
				MARKETING_VERSION = 1.0;
				PRODUCT_BUNDLE_IDENTIFIER = "com.swantan.Async-ImageUITests";
				PRODUCT_NAME = "$(TARGET_NAME)";
				SWIFT_EMIT_LOC_STRINGS = NO;
				SWIFT_VERSION = 5.0;
				TARGETED_DEVICE_FAMILY = "1,2";
				TEST_TARGET_NAME = "Async Image";
			};
			name = Release;
		};
/* End XCBuildConfiguration section */

/* Begin XCConfigurationList section */
		5EDF4C422CF9D4F800ECA082 /* Build configuration list for PBXProject "Async Image" */ = {
			isa = XCConfigurationList;
			buildConfigurations = (
				5EDF4C692CF9D4FB00ECA082 /* Debug */,
				5EDF4C6A2CF9D4FB00ECA082 /* Release */,
			);
			defaultConfigurationIsVisible = 0;
			defaultConfigurationName = Release;
		};
		5EDF4C6B2CF9D4FB00ECA082 /* Build configuration list for PBXNativeTarget "Async Image" */ = {
			isa = XCConfigurationList;
			buildConfigurations = (
				5EDF4C6C2CF9D4FB00ECA082 /* Debug */,
				5EDF4C6D2CF9D4FB00ECA082 /* Release */,
			);
			defaultConfigurationIsVisible = 0;
			defaultConfigurationName = Release;
		};
		5EDF4C6E2CF9D4FB00ECA082 /* Build configuration list for PBXNativeTarget "Async ImageTests" */ = {
			isa = XCConfigurationList;
			buildConfigurations = (
				5EDF4C6F2CF9D4FB00ECA082 /* Debug */,
				5EDF4C702CF9D4FB00ECA082 /* Release */,
			);
			defaultConfigurationIsVisible = 0;
			defaultConfigurationName = Release;
		};
		5EDF4C712CF9D4FB00ECA082 /* Build configuration list for PBXNativeTarget "Async ImageUITests" */ = {
			isa = XCConfigurationList;
			buildConfigurations = (
				5EDF4C722CF9D4FB00ECA082 /* Debug */,
				5EDF4C732CF9D4FB00ECA082 /* Release */,
			);
			defaultConfigurationIsVisible = 0;
			defaultConfigurationName = Release;
		};
/* End XCConfigurationList section */
	};
	rootObject = 5EDF4C3F2CF9D4F800ECA082 /* Project object */;
}
